
Microsoft Visual Studio Solution File, Format Version 12.00
# Visual Studio Version 17
VisualStudioVersion = 17.4.33213.308
MinimumVisualStudioVersion = 10.0.40219.1
Project("{FAE04EC0-301F-11D3-BF4B-00C04F79EFBC}") = "FusionDataSecure", "Desktop\FusionDataSecure.csproj", "{57FB778B-3B01-47FF-9BD3-1819CEFD8AB0}"
EndProject
Project("{54435603-DBB4-11D2-8724-00A0C9A8B90C}") = "FDS_Setup", "FDSSetup\FDSSetup.vdproj", "{D0507E39-21A2-4522-8499-6C4FB31433AF}"
EndProject
Project("{54435603-DBB4-11D2-8724-00A0C9A8B90C}") = "Setup2", "Setup2\Setup2.vdproj", "{7E998470-5899-424C-9424-81EC5068F7D5}"
EndProject
Project("{9A19103F-16F7-4668-BE54-9A1E7A4F7556}") = "Uninstaller", "Uninstaller\Uninstaller.csproj", "{5EB13E98-FA27-478C-B018-965BBA22CD9E}"
EndProject
Project("{54435603-DBB4-11D2-8724-00A0C9A8B90C}") = "FDS", "FDS\FDS.vdproj", "{9A6589BB-ACE0-49EB-AE8E-94F82B0C0C7C}"
EndProject
Project("{FAE04EC0-301F-11D3-BF4B-00C04F79EFBC}") = "AutoUpdate", "AutoUpdate\AutoUpdate.csproj", "{A1AE7FCC-02F1-46A3-9A8C-5AD099099224}"
EndProject
Project("{FAE04EC0-301F-11D3-BF4B-00C04F79EFBC}") = "LauncherApp", "LauncherApp\LauncherApp.csproj", "{3B81C27B-D4F7-41FC-9B0A-F8C072DA28FE}"
EndProject
Global
	GlobalSection(SolutionConfigurationPlatforms) = preSolution
		Debug|Any CPU = Debug|Any CPU
		Debug|x64 = Debug|x64
		Debug|x86 = Debug|x86
		Release|Any CPU = Release|Any CPU
		Release|x64 = Release|x64
		Release|x86 = Release|x86
	EndGlobalSection
	GlobalSection(ProjectConfigurationPlatforms) = postSolution
		{57FB778B-3B01-47FF-9BD3-1819CEFD8AB0}.Debug|Any CPU.ActiveCfg = Debug|Any CPU
		{57FB778B-3B01-47FF-9BD3-1819CEFD8AB0}.Debug|Any CPU.Build.0 = Debug|Any CPU
		{57FB778B-3B01-47FF-9BD3-1819CEFD8AB0}.Debug|x64.ActiveCfg = Debug|x64
		{57FB778B-3B01-47FF-9BD3-1819CEFD8AB0}.Debug|x64.Build.0 = Debug|x64
		{57FB778B-3B01-47FF-9BD3-1819CEFD8AB0}.Debug|x86.ActiveCfg = Debug|x86
		{57FB778B-3B01-47FF-9BD3-1819CEFD8AB0}.Debug|x86.Build.0 = Debug|x86
		{57FB778B-3B01-47FF-9BD3-1819CEFD8AB0}.Release|Any CPU.ActiveCfg = Release|Any CPU
		{57FB778B-3B01-47FF-9BD3-1819CEFD8AB0}.Release|Any CPU.Build.0 = Release|Any CPU
		{57FB778B-3B01-47FF-9BD3-1819CEFD8AB0}.Release|x64.ActiveCfg = Release|x64
		{57FB778B-3B01-47FF-9BD3-1819CEFD8AB0}.Release|x64.Build.0 = Release|x64
		{57FB778B-3B01-47FF-9BD3-1819CEFD8AB0}.Release|x86.ActiveCfg = Release|x86
		{57FB778B-3B01-47FF-9BD3-1819CEFD8AB0}.Release|x86.Build.0 = Release|x86
		{D0507E39-21A2-4522-8499-6C4FB31433AF}.Debug|Any CPU.ActiveCfg = Debug
		{D0507E39-21A2-4522-8499-6C4FB31433AF}.Debug|x64.ActiveCfg = Debug
		{D0507E39-21A2-4522-8499-6C4FB31433AF}.Debug|x64.Build.0 = Debug
		{D0507E39-21A2-4522-8499-6C4FB31433AF}.Debug|x86.ActiveCfg = Debug
		{D0507E39-21A2-4522-8499-6C4FB31433AF}.Debug|x86.Build.0 = Debug
		{D0507E39-21A2-4522-8499-6C4FB31433AF}.Release|Any CPU.ActiveCfg = Release
		{D0507E39-21A2-4522-8499-6C4FB31433AF}.Release|Any CPU.Build.0 = Release
		{D0507E39-21A2-4522-8499-6C4FB31433AF}.Release|x64.ActiveCfg = Release
		{D0507E39-21A2-4522-8499-6C4FB31433AF}.Release|x64.Build.0 = Release
		{D0507E39-21A2-4522-8499-6C4FB31433AF}.Release|x86.ActiveCfg = Release
		{D0507E39-21A2-4522-8499-6C4FB31433AF}.Release|x86.Build.0 = Release
		{7E998470-5899-424C-9424-81EC5068F7D5}.Debug|Any CPU.ActiveCfg = Debug
		{7E998470-5899-424C-9424-81EC5068F7D5}.Debug|x64.ActiveCfg = Debug
		{7E998470-5899-424C-9424-81EC5068F7D5}.Debug|x86.ActiveCfg = Debug
		{7E998470-5899-424C-9424-81EC5068F7D5}.Release|Any CPU.ActiveCfg = Release
		{7E998470-5899-424C-9424-81EC5068F7D5}.Release|x64.ActiveCfg = Release
		{7E998470-5899-424C-9424-81EC5068F7D5}.Release|x86.ActiveCfg = Release
		{5EB13E98-FA27-478C-B018-965BBA22CD9E}.Debug|Any CPU.ActiveCfg = Debug|Any CPU
		{5EB13E98-FA27-478C-B018-965BBA22CD9E}.Debug|Any CPU.Build.0 = Debug|Any CPU
		{5EB13E98-FA27-478C-B018-965BBA22CD9E}.Debug|x64.ActiveCfg = Debug|Any CPU
		{5EB13E98-FA27-478C-B018-965BBA22CD9E}.Debug|x64.Build.0 = Debug|Any CPU
		{5EB13E98-FA27-478C-B018-965BBA22CD9E}.Debug|x86.ActiveCfg = Debug|Any CPU
		{5EB13E98-FA27-478C-B018-965BBA22CD9E}.Debug|x86.Build.0 = Debug|Any CPU
		{5EB13E98-FA27-478C-B018-965BBA22CD9E}.Release|Any CPU.ActiveCfg = Release|Any CPU
		{5EB13E98-FA27-478C-B018-965BBA22CD9E}.Release|Any CPU.Build.0 = Release|Any CPU
		{5EB13E98-FA27-478C-B018-965BBA22CD9E}.Release|x64.ActiveCfg = Release|Any CPU
		{5EB13E98-FA27-478C-B018-965BBA22CD9E}.Release|x64.Build.0 = Release|Any CPU
		{5EB13E98-FA27-478C-B018-965BBA22CD9E}.Release|x86.ActiveCfg = Release|Any CPU
		{5EB13E98-FA27-478C-B018-965BBA22CD9E}.Release|x86.Build.0 = Release|Any CPU
		{9A6589BB-ACE0-49EB-AE8E-94F82B0C0C7C}.Debug|Any CPU.ActiveCfg = Debug
		{9A6589BB-ACE0-49EB-AE8E-94F82B0C0C7C}.Debug|x64.ActiveCfg = Debug
		{9A6589BB-ACE0-49EB-AE8E-94F82B0C0C7C}.Debug|x86.ActiveCfg = Debug
		{9A6589BB-ACE0-49EB-AE8E-94F82B0C0C7C}.Release|Any CPU.ActiveCfg = Release
		{9A6589BB-ACE0-49EB-AE8E-94F82B0C0C7C}.Release|x64.ActiveCfg = Release
		{9A6589BB-ACE0-49EB-AE8E-94F82B0C0C7C}.Release|x86.ActiveCfg = Release
		{A1AE7FCC-02F1-46A3-9A8C-5AD099099224}.Debug|Any CPU.ActiveCfg = Debug|Any CPU
		{A1AE7FCC-02F1-46A3-9A8C-5AD099099224}.Debug|Any CPU.Build.0 = Debug|Any CPU
		{A1AE7FCC-02F1-46A3-9A8C-5AD099099224}.Debug|x64.ActiveCfg = Debug|Any CPU
		{A1AE7FCC-02F1-46A3-9A8C-5AD099099224}.Debug|x64.Build.0 = Debug|Any CPU
		{A1AE7FCC-02F1-46A3-9A8C-5AD099099224}.Debug|x86.ActiveCfg = Debug|Any CPU
		{A1AE7FCC-02F1-46A3-9A8C-5AD099099224}.Debug|x86.Build.0 = Debug|Any CPU
		{A1AE7FCC-02F1-46A3-9A8C-5AD099099224}.Release|Any CPU.ActiveCfg = Release|Any CPU
		{A1AE7FCC-02F1-46A3-9A8C-5AD099099224}.Release|Any CPU.Build.0 = Release|Any CPU
		{A1AE7FCC-02F1-46A3-9A8C-5AD099099224}.Release|x64.ActiveCfg = Release|Any CPU
		{A1AE7FCC-02F1-46A3-9A8C-5AD099099224}.Release|x64.Build.0 = Release|Any CPU
		{A1AE7FCC-02F1-46A3-9A8C-5AD099099224}.Release|x86.ActiveCfg = Release|Any CPU
		{A1AE7FCC-02F1-46A3-9A8C-5AD099099224}.Release|x86.Build.0 = Release|Any CPU
		{3B81C27B-D4F7-41FC-9B0A-F8C072DA28FE}.Debug|Any CPU.ActiveCfg = Debug|Any CPU
		{3B81C27B-D4F7-41FC-9B0A-F8C072DA28FE}.Debug|Any CPU.Build.0 = Debug|Any CPU
		{3B81C27B-D4F7-41FC-9B0A-F8C072DA28FE}.Debug|x64.ActiveCfg = Debug|Any CPU
		{3B81C27B-D4F7-41FC-9B0A-F8C072DA28FE}.Debug|x64.Build.0 = Debug|Any CPU
		{3B81C27B-D4F7-41FC-9B0A-F8C072DA28FE}.Debug|x86.ActiveCfg = Debug|Any CPU
		{3B81C27B-D4F7-41FC-9B0A-F8C072DA28FE}.Debug|x86.Build.0 = Debug|Any CPU
		{3B81C27B-D4F7-41FC-9B0A-F8C072DA28FE}.Release|Any CPU.ActiveCfg = Release|Any CPU
		{3B81C27B-D4F7-41FC-9B0A-F8C072DA28FE}.Release|Any CPU.Build.0 = Release|Any CPU
		{3B81C27B-D4F7-41FC-9B0A-F8C072DA28FE}.Release|x64.ActiveCfg = Release|Any CPU
		{3B81C27B-D4F7-41FC-9B0A-F8C072DA28FE}.Release|x64.Build.0 = Release|Any CPU
		{3B81C27B-D4F7-41FC-9B0A-F8C072DA28FE}.Release|x86.ActiveCfg = Release|Any CPU
		{3B81C27B-D4F7-41FC-9B0A-F8C072DA28FE}.Release|x86.Build.0 = Release|Any CPU
	EndGlobalSection
	GlobalSection(SolutionProperties) = preSolution
		HideSolutionNode = FALSE
	EndGlobalSection
	GlobalSection(ExtensibilityGlobals) = postSolution
		SolutionGuid = {AA9484E7-267B-4B6A-B3E5-0AF3E50B43FE}
	EndGlobalSection
EndGlobal
