
Microsoft Visual Studio Solution File, Format Version 12.00
# Visual Studio Version 17
VisualStudioVersion = 17.4.33213.308
MinimumVisualStudioVersion = 10.0.40219.1
Project("{FAE04EC0-301F-11D3-BF4B-00C04F79EFBC}") = "FusionDataSecure", "Desktop\FusionDataSecure.csproj", "{57FB778B-3B01-47FF-9BD3-1819CEFD8AB0}"
EndProject
Project("{FAE04EC0-301F-11D3-BF4B-00C04F79EFBC}") = "AutoUpdate", "AutoUpdate\AutoUpdate.csproj", "{A1AE7FCC-02F1-46A3-9A8C-5AD099099224}"
EndProject
Project("{FAE04EC0-301F-11D3-BF4B-00C04F79EFBC}") = "LauncherApp", "LauncherApp\LauncherApp.csproj", "{3B81C27B-D4F7-41FC-9B0A-F8C072DA28FE}"
EndProject
Project("{FAE04EC0-301F-11D3-BF4B-00C04F79EFBC}") = "WindowServiceFDS", "WindowServiceFDS\WindowServiceFDS.csproj", "{4AE84336-26B0-4213-BD5F-06C8FF31EBEC}"
EndProject
Global
	GlobalSection(SolutionConfigurationPlatforms) = preSolution
		Debug|Any CPU = Debug|Any CPU
		Debug|x64 = Debug|x64
		Debug|x86 = Debug|x86
		Release|Any CPU = Release|Any CPU
		Release|x64 = Release|x64
		Release|x86 = Release|x86
	EndGlobalSection
	GlobalSection(ProjectConfigurationPlatforms) = postSolution
		{57FB778B-3B01-47FF-9BD3-1819CEFD8AB0}.Debug|Any CPU.ActiveCfg = Debug|Any CPU
		{57FB778B-3B01-47FF-9BD3-1819CEFD8AB0}.Debug|Any CPU.Build.0 = Debug|Any CPU
		{57FB778B-3B01-47FF-9BD3-1819CEFD8AB0}.Debug|x64.ActiveCfg = Debug|x64
		{57FB778B-3B01-47FF-9BD3-1819CEFD8AB0}.Debug|x64.Build.0 = Debug|x64
		{57FB778B-3B01-47FF-9BD3-1819CEFD8AB0}.Debug|x86.ActiveCfg = Debug|x86
		{57FB778B-3B01-47FF-9BD3-1819CEFD8AB0}.Debug|x86.Build.0 = Debug|x86
		{57FB778B-3B01-47FF-9BD3-1819CEFD8AB0}.Release|Any CPU.ActiveCfg = Release|Any CPU
		{57FB778B-3B01-47FF-9BD3-1819CEFD8AB0}.Release|Any CPU.Build.0 = Release|Any CPU
		{57FB778B-3B01-47FF-9BD3-1819CEFD8AB0}.Release|x64.ActiveCfg = Release|x64
		{57FB778B-3B01-47FF-9BD3-1819CEFD8AB0}.Release|x64.Build.0 = Release|x64
		{57FB778B-3B01-47FF-9BD3-1819CEFD8AB0}.Release|x86.ActiveCfg = Release|x86
		{57FB778B-3B01-47FF-9BD3-1819CEFD8AB0}.Release|x86.Build.0 = Release|x86
		{A1AE7FCC-02F1-46A3-9A8C-5AD099099224}.Debug|Any CPU.ActiveCfg = Debug|Any CPU
		{A1AE7FCC-02F1-46A3-9A8C-5AD099099224}.Debug|Any CPU.Build.0 = Debug|Any CPU
		{A1AE7FCC-02F1-46A3-9A8C-5AD099099224}.Debug|x64.ActiveCfg = Debug|Any CPU
		{A1AE7FCC-02F1-46A3-9A8C-5AD099099224}.Debug|x64.Build.0 = Debug|Any CPU
		{A1AE7FCC-02F1-46A3-9A8C-5AD099099224}.Debug|x86.ActiveCfg = Debug|Any CPU
		{A1AE7FCC-02F1-46A3-9A8C-5AD099099224}.Debug|x86.Build.0 = Debug|Any CPU
		{A1AE7FCC-02F1-46A3-9A8C-5AD099099224}.Release|Any CPU.ActiveCfg = Release|Any CPU
		{A1AE7FCC-02F1-46A3-9A8C-5AD099099224}.Release|Any CPU.Build.0 = Release|Any CPU
		{A1AE7FCC-02F1-46A3-9A8C-5AD099099224}.Release|x64.ActiveCfg = Release|Any CPU
		{A1AE7FCC-02F1-46A3-9A8C-5AD099099224}.Release|x64.Build.0 = Release|Any CPU
		{A1AE7FCC-02F1-46A3-9A8C-5AD099099224}.Release|x86.ActiveCfg = Release|Any CPU
		{A1AE7FCC-02F1-46A3-9A8C-5AD099099224}.Release|x86.Build.0 = Release|Any CPU
		{3B81C27B-D4F7-41FC-9B0A-F8C072DA28FE}.Debug|Any CPU.ActiveCfg = Debug|Any CPU
		{3B81C27B-D4F7-41FC-9B0A-F8C072DA28FE}.Debug|Any CPU.Build.0 = Debug|Any CPU
		{3B81C27B-D4F7-41FC-9B0A-F8C072DA28FE}.Debug|x64.ActiveCfg = Debug|Any CPU
		{3B81C27B-D4F7-41FC-9B0A-F8C072DA28FE}.Debug|x64.Build.0 = Debug|Any CPU
		{3B81C27B-D4F7-41FC-9B0A-F8C072DA28FE}.Debug|x86.ActiveCfg = Debug|Any CPU
		{3B81C27B-D4F7-41FC-9B0A-F8C072DA28FE}.Debug|x86.Build.0 = Debug|Any CPU
		{3B81C27B-D4F7-41FC-9B0A-F8C072DA28FE}.Release|Any CPU.ActiveCfg = Release|Any CPU
		{3B81C27B-D4F7-41FC-9B0A-F8C072DA28FE}.Release|Any CPU.Build.0 = Release|Any CPU
		{3B81C27B-D4F7-41FC-9B0A-F8C072DA28FE}.Release|x64.ActiveCfg = Release|Any CPU
		{3B81C27B-D4F7-41FC-9B0A-F8C072DA28FE}.Release|x64.Build.0 = Release|Any CPU
		{3B81C27B-D4F7-41FC-9B0A-F8C072DA28FE}.Release|x86.ActiveCfg = Release|Any CPU
		{3B81C27B-D4F7-41FC-9B0A-F8C072DA28FE}.Release|x86.Build.0 = Release|Any CPU
		{4AE84336-26B0-4213-BD5F-06C8FF31EBEC}.Debug|Any CPU.ActiveCfg = Debug|Any CPU
		{4AE84336-26B0-4213-BD5F-06C8FF31EBEC}.Debug|Any CPU.Build.0 = Debug|Any CPU
		{4AE84336-26B0-4213-BD5F-06C8FF31EBEC}.Debug|x64.ActiveCfg = Debug|Any CPU
		{4AE84336-26B0-4213-BD5F-06C8FF31EBEC}.Debug|x64.Build.0 = Debug|Any CPU
		{4AE84336-26B0-4213-BD5F-06C8FF31EBEC}.Debug|x86.ActiveCfg = Debug|Any CPU
		{4AE84336-26B0-4213-BD5F-06C8FF31EBEC}.Debug|x86.Build.0 = Debug|Any CPU
		{4AE84336-26B0-4213-BD5F-06C8FF31EBEC}.Release|Any CPU.ActiveCfg = Release|Any CPU
		{4AE84336-26B0-4213-BD5F-06C8FF31EBEC}.Release|Any CPU.Build.0 = Release|Any CPU
		{4AE84336-26B0-4213-BD5F-06C8FF31EBEC}.Release|x64.ActiveCfg = Release|Any CPU
		{4AE84336-26B0-4213-BD5F-06C8FF31EBEC}.Release|x64.Build.0 = Release|Any CPU
		{4AE84336-26B0-4213-BD5F-06C8FF31EBEC}.Release|x86.ActiveCfg = Release|Any CPU
		{4AE84336-26B0-4213-BD5F-06C8FF31EBEC}.Release|x86.Build.0 = Release|Any CPU
	EndGlobalSection
	GlobalSection(SolutionProperties) = preSolution
		HideSolutionNode = FALSE
	EndGlobalSection
	GlobalSection(ExtensibilityGlobals) = postSolution
		SolutionGuid = {AA9484E7-267B-4B6A-B3E5-0AF3E50B43FE}
	EndGlobalSection
EndGlobal
